
Microsoft Visual Studio Solution File, Format Version 12.00
# Visual Studio Version 17
VisualStudioVersion = 17.9.34321.82
MinimumVisualStudioVersion = 10.0.40219.1
Project("{8BC9CEB8-8B4A-11D0-8D11-00A0C91BC942}") = "HelloCpp", "HelloCpp\HelloCpp.vcxproj", "{EEB40779-7818-499A-A3D7-402A4147053A}"
EndProject
Global
	GlobalSection(SolutionConfigurationPlatforms) = preSolution
		Debug|ARM64 = Debug|ARM64
		Debug|x64 = Debug|x64
		Debug|x86 = Debug|x86
		Release|ARM64 = Release|ARM64
		Release|x64 = Release|x64
		Release|x86 = Release|x86
	EndGlobalSection
	GlobalSection(ProjectConfigurationPlatforms) = postSolution
		{EEB40779-7818-499A-A3D7-402A4147053A}.Debug|ARM64.ActiveCfg = Debug|ARM64
		{EEB40779-7818-499A-A3D7-402A4147053A}.Debug|ARM64.Build.0 = Debug|ARM64
		{EEB40779-7818-499A-A3D7-402A4147053A}.Debug|ARM64.Deploy.0 = Debug|ARM64
		{EEB40779-7818-499A-A3D7-402A4147053A}.Debug|x64.ActiveCfg = Debug|x64
		{EEB40779-7818-499A-A3D7-402A4147053A}.Debug|x64.Build.0 = Debug|x64
		{EEB40779-7818-499A-A3D7-402A4147053A}.Debug|x64.Deploy.0 = Debug|x64
		{EEB40779-7818-499A-A3D7-402A4147053A}.Debug|x86.ActiveCfg = Debug|Win32
		{EEB40779-7818-499A-A3D7-402A4147053A}.Debug|x86.Build.0 = Debug|Win32
		{EEB40779-7818-499A-A3D7-402A4147053A}.Debug|x86.Deploy.0 = Debug|Win32
		{EEB40779-7818-499A-A3D7-402A4147053A}.Release|ARM64.ActiveCfg = Release|ARM64
		{EEB40779-7818-499A-A3D7-402A4147053A}.Release|ARM64.Build.0 = Release|ARM64
		{EEB40779-7818-499A-A3D7-402A4147053A}.Release|ARM64.Deploy.0 = Release|ARM64
		{EEB40779-7818-499A-A3D7-402A4147053A}.Release|x64.ActiveCfg = Release|x64
		{EEB40779-7818-499A-A3D7-402A4147053A}.Release|x64.Build.0 = Release|x64
		{EEB40779-7818-499A-A3D7-402A4147053A}.Release|x64.Deploy.0 = Release|x64
		{EEB40779-7818-499A-A3D7-402A4147053A}.Release|x86.ActiveCfg = Release|Win32
		{EEB40779-7818-499A-A3D7-402A4147053A}.Release|x86.Build.0 = Release|Win32
		{EEB40779-7818-499A-A3D7-402A4147053A}.Release|x86.Deploy.0 = Release|Win32
	EndGlobalSection
	GlobalSection(SolutionProperties) = preSolution
		HideSolutionNode = FALSE
	EndGlobalSection
	GlobalSection(ExtensibilityGlobals) = postSolution
		SolutionGuid = {35B962F7-9265-4E1C-8E2C-E933ECCAB8D4}
	EndGlobalSection
EndGlobal
