
Microsoft Visual Studio Solution File, Format Version 12.00
# Visual Studio Version 17
VisualStudioVersion = 17.9.34526.213
MinimumVisualStudioVersion = 10.0.40219.1
Project("{8BC9CEB8-8B4A-11D0-8D11-00A0C91BC942}") = "SuspendProcessDemo", "SuspendProcessDemo\SuspendProcessDemo.vcxproj", "{24964CA9-B663-4B2F-A480-E8F2BB4B186E}"
EndProject
Global
	GlobalSection(SolutionConfigurationPlatforms) = preSolution
		Debug|x64 = Debug|x64
		Debug|x86 = Debug|x86
		Release|x64 = Release|x64
		Release|x86 = Release|x86
	EndGlobalSection
	GlobalSection(ProjectConfigurationPlatforms) = postSolution
		{24964CA9-B663-4B2F-A480-E8F2BB4B186E}.Debug|x64.ActiveCfg = Debug|x64
		{24964CA9-B663-4B2F-A480-E8F2BB4B186E}.Debug|x64.Build.0 = Debug|x64
		{24964CA9-B663-4B2F-A480-E8F2BB4B186E}.Debug|x86.ActiveCfg = Debug|Win32
		{24964CA9-B663-4B2F-A480-E8F2BB4B186E}.Debug|x86.Build.0 = Debug|Win32
		{24964CA9-B663-4B2F-A480-E8F2BB4B186E}.Release|x64.ActiveCfg = Release|x64
		{24964CA9-B663-4B2F-A480-E8F2BB4B186E}.Release|x64.Build.0 = Release|x64
		{24964CA9-B663-4B2F-A480-E8F2BB4B186E}.Release|x86.ActiveCfg = Release|Win32
		{24964CA9-B663-4B2F-A480-E8F2BB4B186E}.Release|x86.Build.0 = Release|Win32
	EndGlobalSection
	GlobalSection(SolutionProperties) = preSolution
		HideSolutionNode = FALSE
	EndGlobalSection
	GlobalSection(ExtensibilityGlobals) = postSolution
		SolutionGuid = {86851C10-99CC-4DD4-9100-A9D915419D04}
	EndGlobalSection
EndGlobal
