
Microsoft Visual Studio Solution File, Format Version 12.00
# Visual Studio Version 17
VisualStudioVersion = 17.4.32804.182
MinimumVisualStudioVersion = 10.0.40219.1
Project("{8BC9CEB8-8B4A-11D0-8D11-00A0C91BC942}") = "HelloWDM", "HelloWDM\HelloWDM.vcxproj", "{44D6407B-EB98-4F04-ABC5-FCA6D4CB198C}"
EndProject
Project("{8BC9CEB8-8B4A-11D0-8D11-00A0C91BC942}") = "AllocMemory", "AllocMemory\AllocMemory.vcxproj", "{EB35867F-B2DC-4E76-A92C-50A5D0836023}"
EndProject
Project("{8BC9CEB8-8B4A-11D0-8D11-00A0C91BC942}") = "PriorityBooster", "PriorityBooster\PriorityBooster.vcxproj", "{A80E6D9A-3A8F-4608-8BC3-06BBFEAA1521}"
EndProject
Project("{8BC9CEB8-8B4A-11D0-8D11-00A0C91BC942}") = "BoosterClient", "BoosterClient\BoosterClient.vcxproj", "{7D556240-007F-4B8F-B949-E1FA5D92CF73}"
EndProject
Project("{8BC9CEB8-8B4A-11D0-8D11-00A0C91BC942}") = "Zero", "Zero\Zero.vcxproj", "{0F78D62A-9808-4FB2-9178-C74BA62F1EC8}"
EndProject
Project("{8BC9CEB8-8B4A-11D0-8D11-00A0C91BC942}") = "ZeroTest", "ZeroTest\ZeroTest.vcxproj", "{C27D51AD-0850-47B4-938C-FEA6CE982B76}"
EndProject
Project("{8BC9CEB8-8B4A-11D0-8D11-00A0C91BC942}") = "SysMon", "SysMon\SysMon.vcxproj", "{210F5FA5-AE45-4FDE-ADC1-CAB53D39927B}"
EndProject
Global
	GlobalSection(SolutionConfigurationPlatforms) = preSolution
		Debug|ARM64 = Debug|ARM64
		Debug|x64 = Debug|x64
		Debug|x86 = Debug|x86
		Release|ARM64 = Release|ARM64
		Release|x64 = Release|x64
		Release|x86 = Release|x86
	EndGlobalSection
	GlobalSection(ProjectConfigurationPlatforms) = postSolution
		{44D6407B-EB98-4F04-ABC5-FCA6D4CB198C}.Debug|ARM64.ActiveCfg = Debug|ARM64
		{44D6407B-EB98-4F04-ABC5-FCA6D4CB198C}.Debug|ARM64.Build.0 = Debug|ARM64
		{44D6407B-EB98-4F04-ABC5-FCA6D4CB198C}.Debug|ARM64.Deploy.0 = Debug|ARM64
		{44D6407B-EB98-4F04-ABC5-FCA6D4CB198C}.Debug|x64.ActiveCfg = Debug|x64
		{44D6407B-EB98-4F04-ABC5-FCA6D4CB198C}.Debug|x64.Build.0 = Debug|x64
		{44D6407B-EB98-4F04-ABC5-FCA6D4CB198C}.Debug|x64.Deploy.0 = Debug|x64
		{44D6407B-EB98-4F04-ABC5-FCA6D4CB198C}.Debug|x86.ActiveCfg = Debug|x64
		{44D6407B-EB98-4F04-ABC5-FCA6D4CB198C}.Debug|x86.Build.0 = Debug|x64
		{44D6407B-EB98-4F04-ABC5-FCA6D4CB198C}.Debug|x86.Deploy.0 = Debug|x64
		{44D6407B-EB98-4F04-ABC5-FCA6D4CB198C}.Release|ARM64.ActiveCfg = Release|ARM64
		{44D6407B-EB98-4F04-ABC5-FCA6D4CB198C}.Release|ARM64.Build.0 = Release|ARM64
		{44D6407B-EB98-4F04-ABC5-FCA6D4CB198C}.Release|ARM64.Deploy.0 = Release|ARM64
		{44D6407B-EB98-4F04-ABC5-FCA6D4CB198C}.Release|x64.ActiveCfg = Release|x64
		{44D6407B-EB98-4F04-ABC5-FCA6D4CB198C}.Release|x64.Build.0 = Release|x64
		{44D6407B-EB98-4F04-ABC5-FCA6D4CB198C}.Release|x64.Deploy.0 = Release|x64
		{44D6407B-EB98-4F04-ABC5-FCA6D4CB198C}.Release|x86.ActiveCfg = Release|x64
		{44D6407B-EB98-4F04-ABC5-FCA6D4CB198C}.Release|x86.Build.0 = Release|x64
		{44D6407B-EB98-4F04-ABC5-FCA6D4CB198C}.Release|x86.Deploy.0 = Release|x64
		{EB35867F-B2DC-4E76-A92C-50A5D0836023}.Debug|ARM64.ActiveCfg = Debug|ARM64
		{EB35867F-B2DC-4E76-A92C-50A5D0836023}.Debug|ARM64.Build.0 = Debug|ARM64
		{EB35867F-B2DC-4E76-A92C-50A5D0836023}.Debug|ARM64.Deploy.0 = Debug|ARM64
		{EB35867F-B2DC-4E76-A92C-50A5D0836023}.Debug|x64.ActiveCfg = Debug|x64
		{EB35867F-B2DC-4E76-A92C-50A5D0836023}.Debug|x64.Build.0 = Debug|x64
		{EB35867F-B2DC-4E76-A92C-50A5D0836023}.Debug|x64.Deploy.0 = Debug|x64
		{EB35867F-B2DC-4E76-A92C-50A5D0836023}.Debug|x86.ActiveCfg = Debug|x64
		{EB35867F-B2DC-4E76-A92C-50A5D0836023}.Debug|x86.Build.0 = Debug|x64
		{EB35867F-B2DC-4E76-A92C-50A5D0836023}.Debug|x86.Deploy.0 = Debug|x64
		{EB35867F-B2DC-4E76-A92C-50A5D0836023}.Release|ARM64.ActiveCfg = Release|ARM64
		{EB35867F-B2DC-4E76-A92C-50A5D0836023}.Release|ARM64.Build.0 = Release|ARM64
		{EB35867F-B2DC-4E76-A92C-50A5D0836023}.Release|ARM64.Deploy.0 = Release|ARM64
		{EB35867F-B2DC-4E76-A92C-50A5D0836023}.Release|x64.ActiveCfg = Release|x64
		{EB35867F-B2DC-4E76-A92C-50A5D0836023}.Release|x64.Build.0 = Release|x64
		{EB35867F-B2DC-4E76-A92C-50A5D0836023}.Release|x64.Deploy.0 = Release|x64
		{EB35867F-B2DC-4E76-A92C-50A5D0836023}.Release|x86.ActiveCfg = Release|x64
		{EB35867F-B2DC-4E76-A92C-50A5D0836023}.Release|x86.Build.0 = Release|x64
		{EB35867F-B2DC-4E76-A92C-50A5D0836023}.Release|x86.Deploy.0 = Release|x64
		{A80E6D9A-3A8F-4608-8BC3-06BBFEAA1521}.Debug|ARM64.ActiveCfg = Debug|ARM64
		{A80E6D9A-3A8F-4608-8BC3-06BBFEAA1521}.Debug|ARM64.Build.0 = Debug|ARM64
		{A80E6D9A-3A8F-4608-8BC3-06BBFEAA1521}.Debug|ARM64.Deploy.0 = Debug|ARM64
		{A80E6D9A-3A8F-4608-8BC3-06BBFEAA1521}.Debug|x64.ActiveCfg = Debug|x64
		{A80E6D9A-3A8F-4608-8BC3-06BBFEAA1521}.Debug|x64.Build.0 = Debug|x64
		{A80E6D9A-3A8F-4608-8BC3-06BBFEAA1521}.Debug|x64.Deploy.0 = Debug|x64
		{A80E6D9A-3A8F-4608-8BC3-06BBFEAA1521}.Debug|x86.ActiveCfg = Debug|x64
		{A80E6D9A-3A8F-4608-8BC3-06BBFEAA1521}.Debug|x86.Build.0 = Debug|x64
		{A80E6D9A-3A8F-4608-8BC3-06BBFEAA1521}.Debug|x86.Deploy.0 = Debug|x64
		{A80E6D9A-3A8F-4608-8BC3-06BBFEAA1521}.Release|ARM64.ActiveCfg = Release|ARM64
		{A80E6D9A-3A8F-4608-8BC3-06BBFEAA1521}.Release|ARM64.Build.0 = Release|ARM64
		{A80E6D9A-3A8F-4608-8BC3-06BBFEAA1521}.Release|ARM64.Deploy.0 = Release|ARM64
		{A80E6D9A-3A8F-4608-8BC3-06BBFEAA1521}.Release|x64.ActiveCfg = Release|x64
		{A80E6D9A-3A8F-4608-8BC3-06BBFEAA1521}.Release|x64.Build.0 = Release|x64
		{A80E6D9A-3A8F-4608-8BC3-06BBFEAA1521}.Release|x64.Deploy.0 = Release|x64
		{A80E6D9A-3A8F-4608-8BC3-06BBFEAA1521}.Release|x86.ActiveCfg = Release|x64
		{A80E6D9A-3A8F-4608-8BC3-06BBFEAA1521}.Release|x86.Build.0 = Release|x64
		{A80E6D9A-3A8F-4608-8BC3-06BBFEAA1521}.Release|x86.Deploy.0 = Release|x64
		{7D556240-007F-4B8F-B949-E1FA5D92CF73}.Debug|ARM64.ActiveCfg = Debug|x64
		{7D556240-007F-4B8F-B949-E1FA5D92CF73}.Debug|ARM64.Build.0 = Debug|x64
		{7D556240-007F-4B8F-B949-E1FA5D92CF73}.Debug|x64.ActiveCfg = Debug|x64
		{7D556240-007F-4B8F-B949-E1FA5D92CF73}.Debug|x64.Build.0 = Debug|x64
		{7D556240-007F-4B8F-B949-E1FA5D92CF73}.Debug|x86.ActiveCfg = Debug|Win32
		{7D556240-007F-4B8F-B949-E1FA5D92CF73}.Debug|x86.Build.0 = Debug|Win32
		{7D556240-007F-4B8F-B949-E1FA5D92CF73}.Release|ARM64.ActiveCfg = Release|x64
		{7D556240-007F-4B8F-B949-E1FA5D92CF73}.Release|ARM64.Build.0 = Release|x64
		{7D556240-007F-4B8F-B949-E1FA5D92CF73}.Release|x64.ActiveCfg = Release|x64
		{7D556240-007F-4B8F-B949-E1FA5D92CF73}.Release|x64.Build.0 = Release|x64
		{7D556240-007F-4B8F-B949-E1FA5D92CF73}.Release|x86.ActiveCfg = Release|Win32
		{7D556240-007F-4B8F-B949-E1FA5D92CF73}.Release|x86.Build.0 = Release|Win32
		{0F78D62A-9808-4FB2-9178-C74BA62F1EC8}.Debug|ARM64.ActiveCfg = Debug|ARM64
		{0F78D62A-9808-4FB2-9178-C74BA62F1EC8}.Debug|ARM64.Build.0 = Debug|ARM64
		{0F78D62A-9808-4FB2-9178-C74BA62F1EC8}.Debug|ARM64.Deploy.0 = Debug|ARM64
		{0F78D62A-9808-4FB2-9178-C74BA62F1EC8}.Debug|x64.ActiveCfg = Debug|x64
		{0F78D62A-9808-4FB2-9178-C74BA62F1EC8}.Debug|x64.Build.0 = Debug|x64
		{0F78D62A-9808-4FB2-9178-C74BA62F1EC8}.Debug|x64.Deploy.0 = Debug|x64
		{0F78D62A-9808-4FB2-9178-C74BA62F1EC8}.Debug|x86.ActiveCfg = Debug|x64
		{0F78D62A-9808-4FB2-9178-C74BA62F1EC8}.Debug|x86.Build.0 = Debug|x64
		{0F78D62A-9808-4FB2-9178-C74BA62F1EC8}.Debug|x86.Deploy.0 = Debug|x64
		{0F78D62A-9808-4FB2-9178-C74BA62F1EC8}.Release|ARM64.ActiveCfg = Release|ARM64
		{0F78D62A-9808-4FB2-9178-C74BA62F1EC8}.Release|ARM64.Build.0 = Release|ARM64
		{0F78D62A-9808-4FB2-9178-C74BA62F1EC8}.Release|ARM64.Deploy.0 = Release|ARM64
		{0F78D62A-9808-4FB2-9178-C74BA62F1EC8}.Release|x64.ActiveCfg = Release|x64
		{0F78D62A-9808-4FB2-9178-C74BA62F1EC8}.Release|x64.Build.0 = Release|x64
		{0F78D62A-9808-4FB2-9178-C74BA62F1EC8}.Release|x64.Deploy.0 = Release|x64
		{0F78D62A-9808-4FB2-9178-C74BA62F1EC8}.Release|x86.ActiveCfg = Release|x64
		{0F78D62A-9808-4FB2-9178-C74BA62F1EC8}.Release|x86.Build.0 = Release|x64
		{0F78D62A-9808-4FB2-9178-C74BA62F1EC8}.Release|x86.Deploy.0 = Release|x64
		{C27D51AD-0850-47B4-938C-FEA6CE982B76}.Debug|ARM64.ActiveCfg = Debug|x64
		{C27D51AD-0850-47B4-938C-FEA6CE982B76}.Debug|ARM64.Build.0 = Debug|x64
		{C27D51AD-0850-47B4-938C-FEA6CE982B76}.Debug|x64.ActiveCfg = Debug|x64
		{C27D51AD-0850-47B4-938C-FEA6CE982B76}.Debug|x64.Build.0 = Debug|x64
		{C27D51AD-0850-47B4-938C-FEA6CE982B76}.Debug|x86.ActiveCfg = Debug|Win32
		{C27D51AD-0850-47B4-938C-FEA6CE982B76}.Debug|x86.Build.0 = Debug|Win32
		{C27D51AD-0850-47B4-938C-FEA6CE982B76}.Release|ARM64.ActiveCfg = Release|x64
		{C27D51AD-0850-47B4-938C-FEA6CE982B76}.Release|ARM64.Build.0 = Release|x64
		{C27D51AD-0850-47B4-938C-FEA6CE982B76}.Release|x64.ActiveCfg = Release|x64
		{C27D51AD-0850-47B4-938C-FEA6CE982B76}.Release|x64.Build.0 = Release|x64
		{C27D51AD-0850-47B4-938C-FEA6CE982B76}.Release|x86.ActiveCfg = Release|Win32
		{C27D51AD-0850-47B4-938C-FEA6CE982B76}.Release|x86.Build.0 = Release|Win32
		{210F5FA5-AE45-4FDE-ADC1-CAB53D39927B}.Debug|ARM64.ActiveCfg = Debug|ARM64
		{210F5FA5-AE45-4FDE-ADC1-CAB53D39927B}.Debug|ARM64.Build.0 = Debug|ARM64
		{210F5FA5-AE45-4FDE-ADC1-CAB53D39927B}.Debug|ARM64.Deploy.0 = Debug|ARM64
		{210F5FA5-AE45-4FDE-ADC1-CAB53D39927B}.Debug|x64.ActiveCfg = Debug|x64
		{210F5FA5-AE45-4FDE-ADC1-CAB53D39927B}.Debug|x64.Build.0 = Debug|x64
		{210F5FA5-AE45-4FDE-ADC1-CAB53D39927B}.Debug|x64.Deploy.0 = Debug|x64
		{210F5FA5-AE45-4FDE-ADC1-CAB53D39927B}.Debug|x86.ActiveCfg = Debug|x64
		{210F5FA5-AE45-4FDE-ADC1-CAB53D39927B}.Debug|x86.Build.0 = Debug|x64
		{210F5FA5-AE45-4FDE-ADC1-CAB53D39927B}.Debug|x86.Deploy.0 = Debug|x64
		{210F5FA5-AE45-4FDE-ADC1-CAB53D39927B}.Release|ARM64.ActiveCfg = Release|ARM64
		{210F5FA5-AE45-4FDE-ADC1-CAB53D39927B}.Release|ARM64.Build.0 = Release|ARM64
		{210F5FA5-AE45-4FDE-ADC1-CAB53D39927B}.Release|ARM64.Deploy.0 = Release|ARM64
		{210F5FA5-AE45-4FDE-ADC1-CAB53D39927B}.Release|x64.ActiveCfg = Release|x64
		{210F5FA5-AE45-4FDE-ADC1-CAB53D39927B}.Release|x64.Build.0 = Release|x64
		{210F5FA5-AE45-4FDE-ADC1-CAB53D39927B}.Release|x64.Deploy.0 = Release|x64
		{210F5FA5-AE45-4FDE-ADC1-CAB53D39927B}.Release|x86.ActiveCfg = Release|x64
		{210F5FA5-AE45-4FDE-ADC1-CAB53D39927B}.Release|x86.Build.0 = Release|x64
		{210F5FA5-AE45-4FDE-ADC1-CAB53D39927B}.Release|x86.Deploy.0 = Release|x64
	EndGlobalSection
	GlobalSection(SolutionProperties) = preSolution
		HideSolutionNode = FALSE
	EndGlobalSection
	GlobalSection(ExtensibilityGlobals) = postSolution
		SolutionGuid = {A9274EA2-4531-4451-BB56-7A976693A9C3}
	EndGlobalSection
EndGlobal
