
Microsoft Visual Studio Solution File, Format Version 12.00
# Visual Studio Version 17
VisualStudioVersion = 17.9.34321.82
MinimumVisualStudioVersion = 10.0.40219.1
Project("{8BC9CEB8-8B4A-11D0-8D11-00A0C91BC942}") = "MonitorCaptureHookDemo", "MonitorCaptureHookDemo\MonitorCaptureHookDemo.vcxproj", "{E659CBB1-6843-4642-97BC-57FCCB901059}"
EndProject
Project("{8BC9CEB8-8B4A-11D0-8D11-00A0C91BC942}") = "HookDll", "HookDll\HookDll.vcxproj", "{56627CE7-B9D9-4E9A-943C-7A6EF117DFED}"
EndProject
Global
	GlobalSection(SolutionConfigurationPlatforms) = preSolution
		Debug|x64 = Debug|x64
		Debug|x86 = Debug|x86
		Release|x64 = Release|x64
		Release|x86 = Release|x86
	EndGlobalSection
	GlobalSection(ProjectConfigurationPlatforms) = postSolution
		{E659CBB1-6843-4642-97BC-57FCCB901059}.Debug|x64.ActiveCfg = Debug|x64
		{E659CBB1-6843-4642-97BC-57FCCB901059}.Debug|x64.Build.0 = Debug|x64
		{E659CBB1-6843-4642-97BC-57FCCB901059}.Debug|x86.ActiveCfg = Debug|Win32
		{E659CBB1-6843-4642-97BC-57FCCB901059}.Debug|x86.Build.0 = Debug|Win32
		{E659CBB1-6843-4642-97BC-57FCCB901059}.Release|x64.ActiveCfg = Release|x64
		{E659CBB1-6843-4642-97BC-57FCCB901059}.Release|x64.Build.0 = Release|x64
		{E659CBB1-6843-4642-97BC-57FCCB901059}.Release|x86.ActiveCfg = Release|Win32
		{E659CBB1-6843-4642-97BC-57FCCB901059}.Release|x86.Build.0 = Release|Win32
		{56627CE7-B9D9-4E9A-943C-7A6EF117DFED}.Debug|x64.ActiveCfg = Debug|x64
		{56627CE7-B9D9-4E9A-943C-7A6EF117DFED}.Debug|x64.Build.0 = Debug|x64
		{56627CE7-B9D9-4E9A-943C-7A6EF117DFED}.Debug|x86.ActiveCfg = Debug|Win32
		{56627CE7-B9D9-4E9A-943C-7A6EF117DFED}.Debug|x86.Build.0 = Debug|Win32
		{56627CE7-B9D9-4E9A-943C-7A6EF117DFED}.Release|x64.ActiveCfg = Release|x64
		{56627CE7-B9D9-4E9A-943C-7A6EF117DFED}.Release|x64.Build.0 = Release|x64
		{56627CE7-B9D9-4E9A-943C-7A6EF117DFED}.Release|x86.ActiveCfg = Release|Win32
		{56627CE7-B9D9-4E9A-943C-7A6EF117DFED}.Release|x86.Build.0 = Release|Win32
	EndGlobalSection
	GlobalSection(SolutionProperties) = preSolution
		HideSolutionNode = FALSE
	EndGlobalSection
	GlobalSection(ExtensibilityGlobals) = postSolution
		SolutionGuid = {E20C4BF3-0A88-45A5-B254-864D993A8756}
	EndGlobalSection
EndGlobal
